{
    "_meta": {
        "hash": {
            "sha256": "f210c1ebc774cae94d2dc50f311c80de3dbdf27087952ef99787495bcdd0eb2f"
        },
        "pipfile-spec": 6,
        "requires": {
            "python_version": "3.6"
        },
        "sources": [
            {
                "name": "pypi",
                "url": "https://pypi.org/simple",
                "verify_ssl": true
            }
        ]
    },
    "default": {
        "antlr4-python3-runtime": {
            "hashes": [
                "sha256:168cdcec8fb9152e84a87ca6fd261b3d54c8f6358f42ab3b813b14a7193bb50b"
            ],
            "index": "pypi",
            "version": "==4.7.2"
        },
        "python-resources": {
            "hashes": [
                "sha256:727d0aadcf88e1af0eb5eb9ff03d92e244a8d08d9847c6b3efb87506276609a6"
            ],
            "index": "pypi",
            "version": "==0.3"
        }
    },
    "develop": {}
}
